
Microsoft Visual Studio Solution File, Format Version 12.00
# Visual Studio 15
VisualStudioVersion = 15.0.28010.2048
MinimumVisualStudioVersion = 10.0.40219.1
Project("{FAE04EC0-301F-11D3-BF4B-00C04F79EFBC}") = "SetDateTakenOnAndroidBurstPhotos", "SetDateTakenOnAndroidBurstPhotos\SetDateTakenOnAndroidBurstPhotos.csproj", "{1CF9B59D-1E67-43BE-8A24-AC0382784C9D}"
EndProject
Global
	GlobalSection(SolutionConfigurationPlatforms) = preSolution
		Debug|Any CPU = Debug|Any CPU
		Release|Any CPU = Release|Any CPU
	EndGlobalSection
	GlobalSection(ProjectConfigurationPlatforms) = postSolution
		{1CF9B59D-1E67-43BE-8A24-AC0382784C9D}.Debug|Any CPU.ActiveCfg = Debug|Any CPU
		{1CF9B59D-1E67-43BE-8A24-AC0382784C9D}.Debug|Any CPU.Build.0 = Debug|Any CPU
		{1CF9B59D-1E67-43BE-8A24-AC0382784C9D}.Release|Any CPU.ActiveCfg = Release|Any CPU
		{1CF9B59D-1E67-43BE-8A24-AC0382784C9D}.Release|Any CPU.Build.0 = Release|Any CPU
	EndGlobalSection
	GlobalSection(SolutionProperties) = preSolution
		HideSolutionNode = FALSE
	EndGlobalSection
	GlobalSection(ExtensibilityGlobals) = postSolution
		SolutionGuid = {BF81D10E-184C-4B63-BD82-00D43512311C}
	EndGlobalSection
EndGlobal
